lockfileVersion: '9.0'

settings:
  autoInstallPeers: true
  excludeLinksFromLockfile: false

importers:

  .:
    dependencies:
      '@netlify/blobs':
        specifier: ^8.0.1
        version: 8.0.1
      '@netlify/edge-functions':
        specifier: ^2.10.0
        version: 2.10.0
      '@netlify/functions':
        specifier: ^2.8.1
        version: 2.8.1

packages:

  '@netlify/blobs@8.0.1':
    resolution: {integrity: sha512-IrZHVqillU0x12eDbsap4Ba6poi+4IdVCYjZa+tA0eD95TaSbSqfw1zNkO27MiKw0pOjPB6+RXFK4pdfOs/qUQ==}
    engines: {node: ^14.16.0 || >=16.0.0}

  '@netlify/edge-functions@2.10.0':
    resolution: {integrity: sha512-toDBus02KyXTeErqXh9mFjH5ocGwSDO8w9q1TkSincqExtm8TMITg3iXr4/SPKE17nKt+olsEuIry5hyM8OJBQ==}

  '@netlify/functions@2.8.1':
    resolution: {integrity: sha512-+6wtYdoz0yE06dSa9XkP47tw5zm6g13QMeCwM3MmHx1vn8hzwFa51JtmfraprdkL7amvb7gaNM+OOhQU1h6T8A==}
    engines: {node: '>=14.0.0'}

  '@netlify/node-cookies@0.1.0':
    resolution: {integrity: sha512-OAs1xG+FfLX0LoRASpqzVntVV/RpYkgpI0VrUnw2u0Q1qiZUzcPffxRK8HF3gc4GjuhG5ahOEMJ9bswBiZPq0g==}
    engines: {node: ^14.16.0 || >=16.0.0}

  '@netlify/serverless-functions-api@1.19.1':
    resolution: {integrity: sha512-2KYkyluThg1AKfd0JWI7FzpS4A/fzVVGYIf6AM4ydWyNj8eI/86GQVLeRgDoH7CNOxt243R5tutWlmHpVq0/Ew==}
    engines: {node: '>=18.0.0'}

  urlpattern-polyfill@8.0.2:
    resolution: {integrity: sha512-Qp95D4TPJl1kC9SKigDcqgyM2VDVO4RiJc2d4qe5GrYm+zbIQCWWKAFaJNQ4BhdFeDGwBmAxqJBwWSJDb9T3BQ==}

snapshots:

  '@netlify/blobs@8.0.1': {}

  '@netlify/edge-functions@2.10.0': {}

  '@netlify/functions@2.8.1':
    dependencies:
      '@netlify/serverless-functions-api': 1.19.1

  '@netlify/node-cookies@0.1.0': {}

  '@netlify/serverless-functions-api@1.19.1':
    dependencies:
      '@netlify/node-cookies': 0.1.0
      urlpattern-polyfill: 8.0.2

  urlpattern-polyfill@8.0.2: {}
